
Microsoft Visual Studio Solution File, Format Version 12.00
# Visual Studio Version 16
VisualStudioVersion = 16.0.30114.105
MinimumVisualStudioVersion = 10.0.40219.1
Project("{FAE04EC0-301F-11D3-BF4B-00C04F79EFBC}") = "KaanYapi", "KaanYapi\KaanYapi.csproj", "{9090DE6A-6CAC-4FB0-9918-F19421FC7441}"
EndProject
Global
	GlobalSection(SolutionConfigurationPlatforms) = preSolution
		Debug|Any CPU = Debug|Any CPU
		Release|Any CPU = Release|Any CPU
	EndGlobalSection
	GlobalSection(ProjectConfigurationPlatforms) = postSolution
		{9090DE6A-6CAC-4FB0-9918-F19421FC7441}.Debug|Any CPU.ActiveCfg = Debug|Any CPU
		{9090DE6A-6CAC-4FB0-9918-F19421FC7441}.Debug|Any CPU.Build.0 = Debug|Any CPU
		{9090DE6A-6CAC-4FB0-9918-F19421FC7441}.Release|Any CPU.ActiveCfg = Release|Any CPU
		{9090DE6A-6CAC-4FB0-9918-F19421FC7441}.Release|Any CPU.Build.0 = Release|Any CPU
	EndGlobalSection
	GlobalSection(SolutionProperties) = preSolution
		HideSolutionNode = FALSE
	EndGlobalSection
	GlobalSection(ExtensibilityGlobals) = postSolution
		SolutionGuid = {E8F7E538-5089-497B-9A33-F8CA169D4C5D}
	EndGlobalSection
EndGlobal
